
Microsoft Visual Studio Solution File, Format Version 12.00
# Visual Studio Version 16
VisualStudioVersion = 16.0.31019.35
MinimumVisualStudioVersion = 10.0.40219.1
Project("{2150E333-8FDC-42A3-9474-1A3956D46DE8}") = "Customer", "Customer", "{ED0F6E25-F8DA-4193-9224-E64E73C13E19}"
EndProject
Project("{2150E333-8FDC-42A3-9474-1A3956D46DE8}") = "Restaurant", "Restaurant", "{2EA89B62-AD16-4E46-853A-A9FE2153DDE6}"
EndProject
Project("{2150E333-8FDC-42A3-9474-1A3956D46DE8}") = "Driver", "Driver", "{96FF5389-32AE-4781-A1D1-CC24D961B185}"
EndProject
Project("{2150E333-8FDC-42A3-9474-1A3956D46DE8}") = "Order", "Order", "{D4AE215D-A78D-457B-995C-EEED33CC9397}"
EndProject
Project("{2150E333-8FDC-42A3-9474-1A3956D46DE8}") = "Authentication", "Authentication", "{0A6103D8-77F7-475B-B1E1-688F8ED4BAB5}"
EndProject
Project("{9A19103F-16F7-4668-BE54-9A1E7A4F7556}") = "CustomerServices", "Customer\CustomerServices\CustomerServices.csproj", "{A1CFDA6D-56DE-4330-987B-8915B54F1D74}"
EndProject
Project("{9A19103F-16F7-4668-BE54-9A1E7A4F7556}") = "CustomerServices.BL", "Customer\CustomerServices.BL\CustomerServices.BL.csproj", "{BFD9802F-AF32-4DC4-8E5D-7095FD643F06}"
EndProject
Project("{9A19103F-16F7-4668-BE54-9A1E7A4F7556}") = "CustomerServices.DL", "Customer\CustomerServices.DL\CustomerServices.DL.csproj", "{FE37B1AF-14DC-4B0A-BCCC-2C6DBF14FCDB}"
EndProject
Project("{9A19103F-16F7-4668-BE54-9A1E7A4F7556}") = "CustomerServices.BusinessEntities", "Customer\CustomerServices.BusinessEntities\CustomerServices.BusinessEntities.csproj", "{310F9454-E56F-43E6-8DAA-A7567B46CD97}"
EndProject
Project("{9A19103F-16F7-4668-BE54-9A1E7A4F7556}") = "CustomerServices.DataEntities", "Customer\CustomerServices.DataEntities\CustomerServices.DataEntities.csproj", "{CC7545D0-15F2-4DB6-919C-178265DF3DB4}"
EndProject
Project("{2150E333-8FDC-42A3-9474-1A3956D46DE8}") = "Infrastructure", "Infrastructure", "{F3EB41FE-ED13-48C8-A909-D0B82EB7E2B0}"
EndProject
Project("{9A19103F-16F7-4668-BE54-9A1E7A4F7556}") = "Infrastructure.Common", "Infrastructure\Infrastructure.Common\Infrastructure.Common.csproj", "{0F8F9652-A5A7-4117-8122-9B8AF8C856BA}"
EndProject
Project("{9A19103F-16F7-4668-BE54-9A1E7A4F7556}") = "Infrastructure.Repository", "Infrastructure\Infrastructure.Repository\Infrastructure.Repository.csproj", "{8CF49825-845A-475B-A4F0-2708C9B4A18A}"
EndProject
Project("{2150E333-8FDC-42A3-9474-1A3956D46DE8}") = "Gateway", "Gateway", "{AF19B244-B2BE-4E91-84BF-CD7CEA392402}"
EndProject
Project("{9A19103F-16F7-4668-BE54-9A1E7A4F7556}") = "APIGateway", "Gateway\APIGateway\APIGateway.csproj", "{E4950DBF-EE5D-4140-8D8E-7191EA3B2804}"
EndProject
Project("{9A19103F-16F7-4668-BE54-9A1E7A4F7556}") = "APIAuthentication", "Authentication\APIAuthentication\APIAuthentication.csproj", "{FE18BD21-879E-4C23-A98A-6E623C80E355}"
EndProject
Project("{9A19103F-16F7-4668-BE54-9A1E7A4F7556}") = "DriverServices", "Driver\DriverServices\DriverServices.csproj", "{4DCD108C-3697-4125-816E-BB346D1FA096}"
EndProject
Project("{9A19103F-16F7-4668-BE54-9A1E7A4F7556}") = "DriverServices.BL", "Driver\DriverServices.BL\DriverServices.BL.csproj", "{3F91ADB2-DFB1-465E-BF4D-807AB22F0186}"
EndProject
Project("{9A19103F-16F7-4668-BE54-9A1E7A4F7556}") = "DriverServices.DL", "Driver\DriverServices.DL\DriverServices.DL.csproj", "{EB6B4327-B074-40CB-9D14-5DB1DC17F45B}"
EndProject
Project("{9A19103F-16F7-4668-BE54-9A1E7A4F7556}") = "DriverServices.BusinessEntities", "Driver\DriverServices.BusinessEntities\DriverServices.BusinessEntities.csproj", "{4E221F37-B0B7-4D11-8E86-3293F40D8E9C}"
EndProject
Project("{9A19103F-16F7-4668-BE54-9A1E7A4F7556}") = "DriverServices.DataEntities", "Driver\DriverServices.DataEntities\DriverServices.DataEntities.csproj", "{A41FF065-2DD5-45F9-B897-E1C66DD61531}"
EndProject
Project("{9A19103F-16F7-4668-BE54-9A1E7A4F7556}") = "OrderServices", "Order\OrderServices\OrderServices.csproj", "{8F95CE30-E36D-4279-96D5-82DE8A6ABA1C}"
EndProject
Project("{9A19103F-16F7-4668-BE54-9A1E7A4F7556}") = "OrderServices.BL", "Order\OrderServices.BL\OrderServices.BL.csproj", "{E39858A8-98F4-4E7F-B733-E36A0BA1553D}"
EndProject
Project("{9A19103F-16F7-4668-BE54-9A1E7A4F7556}") = "OrderServices.DL", "Order\OrderServices.DL\OrderServices.DL.csproj", "{41C27ECC-7332-407C-8CB2-295B99A71EC9}"
EndProject
Project("{9A19103F-16F7-4668-BE54-9A1E7A4F7556}") = "OrderServices.DataEntities", "Order\OrderServices.DataEntities\OrderServices.DataEntities.csproj", "{C0A803C9-3163-488A-B5C8-45E5BD6DEB7A}"
EndProject
Project("{9A19103F-16F7-4668-BE54-9A1E7A4F7556}") = "OrderServices.BusinessEntities", "Order\OrderServices.BusinessEntities\OrderServices.BusinessEntities.csproj", "{452C877F-39C5-444A-A5B0-82E2DAC808D7}"
EndProject
Project("{9A19103F-16F7-4668-BE54-9A1E7A4F7556}") = "RestaurantServices", "Restaurant\RestarantServices\RestaurantServices.csproj", "{DA0F8EF8-FBAA-4051-A12B-25690DBD4F5B}"
EndProject
Project("{9A19103F-16F7-4668-BE54-9A1E7A4F7556}") = "RestaurantServices.BL", "Restaurant\RestaurantServices.BL\RestaurantServices.BL.csproj", "{706FCA1B-CDE6-41FA-9FD1-EC9D21B19DFB}"
EndProject
Project("{9A19103F-16F7-4668-BE54-9A1E7A4F7556}") = "RestaurantServices.DL", "Restaurant\RestaurantServices.DL\RestaurantServices.DL.csproj", "{6A48DA55-BCBB-455C-8BDB-1C7CE1D1F357}"
EndProject
Project("{9A19103F-16F7-4668-BE54-9A1E7A4F7556}") = "RestaurantServices.BusinessEntities", "Restaurant\RestaurantServices.BusinessEntities\RestaurantServices.BusinessEntities.csproj", "{71633940-81D1-4541-8AAB-5A1A16871EEA}"
EndProject
Project("{9A19103F-16F7-4668-BE54-9A1E7A4F7556}") = "RestaurantServices.DataEntities", "Restaurant\RestaurantServices.DataEntities\RestaurantServices.DataEntities.csproj", "{C5CAC8E1-DFEA-4625-843E-5F769121FA6E}"
EndProject
Project("{9A19103F-16F7-4668-BE54-9A1E7A4F7556}") = "CustomerGrpcService", "Customer\CustomerGrpcService\CustomerGrpcService.csproj", "{7FBEC216-B78F-4B77-B523-BDAA07BB3C2A}"
EndProject
Project("{FAE04EC0-301F-11D3-BF4B-00C04F79EFBC}") = "RestaurantGrpcService", "Restaurant\RestaurantGrpcService\RestaurantGrpcService.csproj", "{1D597A8D-39B9-4960-8AF6-81E8E7266DE7}"
EndProject
Project("{FAE04EC0-301F-11D3-BF4B-00C04F79EFBC}") = "DriverGrpcService", "Driver\DriverGrpcService\DriverGrpcService.csproj", "{979DE150-439B-4D7D-90B8-98F2FD8A1962}"
EndProject
Global
	GlobalSection(SolutionConfigurationPlatforms) = preSolution
		Debug|Any CPU = Debug|Any CPU
		Release|Any CPU = Release|Any CPU
	EndGlobalSection
	GlobalSection(ProjectConfigurationPlatforms) = postSolution
		{A1CFDA6D-56DE-4330-987B-8915B54F1D74}.Debug|Any CPU.ActiveCfg = Debug|Any CPU
		{A1CFDA6D-56DE-4330-987B-8915B54F1D74}.Debug|Any CPU.Build.0 = Debug|Any CPU
		{A1CFDA6D-56DE-4330-987B-8915B54F1D74}.Release|Any CPU.ActiveCfg = Release|Any CPU
		{A1CFDA6D-56DE-4330-987B-8915B54F1D74}.Release|Any CPU.Build.0 = Release|Any CPU
		{BFD9802F-AF32-4DC4-8E5D-7095FD643F06}.Debug|Any CPU.ActiveCfg = Debug|Any CPU
		{BFD9802F-AF32-4DC4-8E5D-7095FD643F06}.Debug|Any CPU.Build.0 = Debug|Any CPU
		{BFD9802F-AF32-4DC4-8E5D-7095FD643F06}.Release|Any CPU.ActiveCfg = Release|Any CPU
		{BFD9802F-AF32-4DC4-8E5D-7095FD643F06}.Release|Any CPU.Build.0 = Release|Any CPU
		{FE37B1AF-14DC-4B0A-BCCC-2C6DBF14FCDB}.Debug|Any CPU.ActiveCfg = Debug|Any CPU
		{FE37B1AF-14DC-4B0A-BCCC-2C6DBF14FCDB}.Debug|Any CPU.Build.0 = Debug|Any CPU
		{FE37B1AF-14DC-4B0A-BCCC-2C6DBF14FCDB}.Release|Any CPU.ActiveCfg = Release|Any CPU
		{FE37B1AF-14DC-4B0A-BCCC-2C6DBF14FCDB}.Release|Any CPU.Build.0 = Release|Any CPU
		{310F9454-E56F-43E6-8DAA-A7567B46CD97}.Debug|Any CPU.ActiveCfg = Debug|Any CPU
		{310F9454-E56F-43E6-8DAA-A7567B46CD97}.Debug|Any CPU.Build.0 = Debug|Any CPU
		{310F9454-E56F-43E6-8DAA-A7567B46CD97}.Release|Any CPU.ActiveCfg = Release|Any CPU
		{310F9454-E56F-43E6-8DAA-A7567B46CD97}.Release|Any CPU.Build.0 = Release|Any CPU
		{CC7545D0-15F2-4DB6-919C-178265DF3DB4}.Debug|Any CPU.ActiveCfg = Debug|Any CPU
		{CC7545D0-15F2-4DB6-919C-178265DF3DB4}.Debug|Any CPU.Build.0 = Debug|Any CPU
		{CC7545D0-15F2-4DB6-919C-178265DF3DB4}.Release|Any CPU.ActiveCfg = Release|Any CPU
		{CC7545D0-15F2-4DB6-919C-178265DF3DB4}.Release|Any CPU.Build.0 = Release|Any CPU
		{0F8F9652-A5A7-4117-8122-9B8AF8C856BA}.Debug|Any CPU.ActiveCfg = Debug|Any CPU
		{0F8F9652-A5A7-4117-8122-9B8AF8C856BA}.Debug|Any CPU.Build.0 = Debug|Any CPU
		{0F8F9652-A5A7-4117-8122-9B8AF8C856BA}.Release|Any CPU.ActiveCfg = Release|Any CPU
		{0F8F9652-A5A7-4117-8122-9B8AF8C856BA}.Release|Any CPU.Build.0 = Release|Any CPU
		{8CF49825-845A-475B-A4F0-2708C9B4A18A}.Debug|Any CPU.ActiveCfg = Debug|Any CPU
		{8CF49825-845A-475B-A4F0-2708C9B4A18A}.Debug|Any CPU.Build.0 = Debug|Any CPU
		{8CF49825-845A-475B-A4F0-2708C9B4A18A}.Release|Any CPU.ActiveCfg = Release|Any CPU
		{8CF49825-845A-475B-A4F0-2708C9B4A18A}.Release|Any CPU.Build.0 = Release|Any CPU
		{E4950DBF-EE5D-4140-8D8E-7191EA3B2804}.Debug|Any CPU.ActiveCfg = Debug|Any CPU
		{E4950DBF-EE5D-4140-8D8E-7191EA3B2804}.Debug|Any CPU.Build.0 = Debug|Any CPU
		{E4950DBF-EE5D-4140-8D8E-7191EA3B2804}.Release|Any CPU.ActiveCfg = Release|Any CPU
		{E4950DBF-EE5D-4140-8D8E-7191EA3B2804}.Release|Any CPU.Build.0 = Release|Any CPU
		{FE18BD21-879E-4C23-A98A-6E623C80E355}.Debug|Any CPU.ActiveCfg = Debug|Any CPU
		{FE18BD21-879E-4C23-A98A-6E623C80E355}.Debug|Any CPU.Build.0 = Debug|Any CPU
		{FE18BD21-879E-4C23-A98A-6E623C80E355}.Release|Any CPU.ActiveCfg = Release|Any CPU
		{FE18BD21-879E-4C23-A98A-6E623C80E355}.Release|Any CPU.Build.0 = Release|Any CPU
		{4DCD108C-3697-4125-816E-BB346D1FA096}.Debug|Any CPU.ActiveCfg = Debug|Any CPU
		{4DCD108C-3697-4125-816E-BB346D1FA096}.Debug|Any CPU.Build.0 = Debug|Any CPU
		{4DCD108C-3697-4125-816E-BB346D1FA096}.Release|Any CPU.ActiveCfg = Release|Any CPU
		{4DCD108C-3697-4125-816E-BB346D1FA096}.Release|Any CPU.Build.0 = Release|Any CPU
		{3F91ADB2-DFB1-465E-BF4D-807AB22F0186}.Debug|Any CPU.ActiveCfg = Debug|Any CPU
		{3F91ADB2-DFB1-465E-BF4D-807AB22F0186}.Debug|Any CPU.Build.0 = Debug|Any CPU
		{3F91ADB2-DFB1-465E-BF4D-807AB22F0186}.Release|Any CPU.ActiveCfg = Release|Any CPU
		{3F91ADB2-DFB1-465E-BF4D-807AB22F0186}.Release|Any CPU.Build.0 = Release|Any CPU
		{EB6B4327-B074-40CB-9D14-5DB1DC17F45B}.Debug|Any CPU.ActiveCfg = Debug|Any CPU
		{EB6B4327-B074-40CB-9D14-5DB1DC17F45B}.Debug|Any CPU.Build.0 = Debug|Any CPU
		{EB6B4327-B074-40CB-9D14-5DB1DC17F45B}.Release|Any CPU.ActiveCfg = Release|Any CPU
		{EB6B4327-B074-40CB-9D14-5DB1DC17F45B}.Release|Any CPU.Build.0 = Release|Any CPU
		{4E221F37-B0B7-4D11-8E86-3293F40D8E9C}.Debug|Any CPU.ActiveCfg = Debug|Any CPU
		{4E221F37-B0B7-4D11-8E86-3293F40D8E9C}.Debug|Any CPU.Build.0 = Debug|Any CPU
		{4E221F37-B0B7-4D11-8E86-3293F40D8E9C}.Release|Any CPU.ActiveCfg = Release|Any CPU
		{4E221F37-B0B7-4D11-8E86-3293F40D8E9C}.Release|Any CPU.Build.0 = Release|Any CPU
		{A41FF065-2DD5-45F9-B897-E1C66DD61531}.Debug|Any CPU.ActiveCfg = Debug|Any CPU
		{A41FF065-2DD5-45F9-B897-E1C66DD61531}.Debug|Any CPU.Build.0 = Debug|Any CPU
		{A41FF065-2DD5-45F9-B897-E1C66DD61531}.Release|Any CPU.ActiveCfg = Release|Any CPU
		{A41FF065-2DD5-45F9-B897-E1C66DD61531}.Release|Any CPU.Build.0 = Release|Any CPU
		{8F95CE30-E36D-4279-96D5-82DE8A6ABA1C}.Debug|Any CPU.ActiveCfg = Debug|Any CPU
		{8F95CE30-E36D-4279-96D5-82DE8A6ABA1C}.Debug|Any CPU.Build.0 = Debug|Any CPU
		{8F95CE30-E36D-4279-96D5-82DE8A6ABA1C}.Release|Any CPU.ActiveCfg = Release|Any CPU
		{8F95CE30-E36D-4279-96D5-82DE8A6ABA1C}.Release|Any CPU.Build.0 = Release|Any CPU
		{E39858A8-98F4-4E7F-B733-E36A0BA1553D}.Debug|Any CPU.ActiveCfg = Debug|Any CPU
		{E39858A8-98F4-4E7F-B733-E36A0BA1553D}.Debug|Any CPU.Build.0 = Debug|Any CPU
		{E39858A8-98F4-4E7F-B733-E36A0BA1553D}.Release|Any CPU.ActiveCfg = Release|Any CPU
		{E39858A8-98F4-4E7F-B733-E36A0BA1553D}.Release|Any CPU.Build.0 = Release|Any CPU
		{41C27ECC-7332-407C-8CB2-295B99A71EC9}.Debug|Any CPU.ActiveCfg = Debug|Any CPU
		{41C27ECC-7332-407C-8CB2-295B99A71EC9}.Debug|Any CPU.Build.0 = Debug|Any CPU
		{41C27ECC-7332-407C-8CB2-295B99A71EC9}.Release|Any CPU.ActiveCfg = Release|Any CPU
		{41C27ECC-7332-407C-8CB2-295B99A71EC9}.Release|Any CPU.Build.0 = Release|Any CPU
		{C0A803C9-3163-488A-B5C8-45E5BD6DEB7A}.Debug|Any CPU.ActiveCfg = Debug|Any CPU
		{C0A803C9-3163-488A-B5C8-45E5BD6DEB7A}.Debug|Any CPU.Build.0 = Debug|Any CPU
		{C0A803C9-3163-488A-B5C8-45E5BD6DEB7A}.Release|Any CPU.ActiveCfg = Release|Any CPU
		{C0A803C9-3163-488A-B5C8-45E5BD6DEB7A}.Release|Any CPU.Build.0 = Release|Any CPU
		{452C877F-39C5-444A-A5B0-82E2DAC808D7}.Debug|Any CPU.ActiveCfg = Debug|Any CPU
		{452C877F-39C5-444A-A5B0-82E2DAC808D7}.Debug|Any CPU.Build.0 = Debug|Any CPU
		{452C877F-39C5-444A-A5B0-82E2DAC808D7}.Release|Any CPU.ActiveCfg = Release|Any CPU
		{452C877F-39C5-444A-A5B0-82E2DAC808D7}.Release|Any CPU.Build.0 = Release|Any CPU
		{DA0F8EF8-FBAA-4051-A12B-25690DBD4F5B}.Debug|Any CPU.ActiveCfg = Debug|Any CPU
		{DA0F8EF8-FBAA-4051-A12B-25690DBD4F5B}.Debug|Any CPU.Build.0 = Debug|Any CPU
		{DA0F8EF8-FBAA-4051-A12B-25690DBD4F5B}.Release|Any CPU.ActiveCfg = Release|Any CPU
		{DA0F8EF8-FBAA-4051-A12B-25690DBD4F5B}.Release|Any CPU.Build.0 = Release|Any CPU
		{706FCA1B-CDE6-41FA-9FD1-EC9D21B19DFB}.Debug|Any CPU.ActiveCfg = Debug|Any CPU
		{706FCA1B-CDE6-41FA-9FD1-EC9D21B19DFB}.Debug|Any CPU.Build.0 = Debug|Any CPU
		{706FCA1B-CDE6-41FA-9FD1-EC9D21B19DFB}.Release|Any CPU.ActiveCfg = Release|Any CPU
		{706FCA1B-CDE6-41FA-9FD1-EC9D21B19DFB}.Release|Any CPU.Build.0 = Release|Any CPU
		{6A48DA55-BCBB-455C-8BDB-1C7CE1D1F357}.Debug|Any CPU.ActiveCfg = Debug|Any CPU
		{6A48DA55-BCBB-455C-8BDB-1C7CE1D1F357}.Debug|Any CPU.Build.0 = Debug|Any CPU
		{6A48DA55-BCBB-455C-8BDB-1C7CE1D1F357}.Release|Any CPU.ActiveCfg = Release|Any CPU
		{6A48DA55-BCBB-455C-8BDB-1C7CE1D1F357}.Release|Any CPU.Build.0 = Release|Any CPU
		{71633940-81D1-4541-8AAB-5A1A16871EEA}.Debug|Any CPU.ActiveCfg = Debug|Any CPU
		{71633940-81D1-4541-8AAB-5A1A16871EEA}.Debug|Any CPU.Build.0 = Debug|Any CPU
		{71633940-81D1-4541-8AAB-5A1A16871EEA}.Release|Any CPU.ActiveCfg = Release|Any CPU
		{71633940-81D1-4541-8AAB-5A1A16871EEA}.Release|Any CPU.Build.0 = Release|Any CPU
		{C5CAC8E1-DFEA-4625-843E-5F769121FA6E}.Debug|Any CPU.ActiveCfg = Debug|Any CPU
		{C5CAC8E1-DFEA-4625-843E-5F769121FA6E}.Debug|Any CPU.Build.0 = Debug|Any CPU
		{C5CAC8E1-DFEA-4625-843E-5F769121FA6E}.Release|Any CPU.ActiveCfg = Release|Any CPU
		{C5CAC8E1-DFEA-4625-843E-5F769121FA6E}.Release|Any CPU.Build.0 = Release|Any CPU
		{7FBEC216-B78F-4B77-B523-BDAA07BB3C2A}.Debug|Any CPU.ActiveCfg = Debug|Any CPU
		{7FBEC216-B78F-4B77-B523-BDAA07BB3C2A}.Debug|Any CPU.Build.0 = Debug|Any CPU
		{7FBEC216-B78F-4B77-B523-BDAA07BB3C2A}.Release|Any CPU.ActiveCfg = Release|Any CPU
		{7FBEC216-B78F-4B77-B523-BDAA07BB3C2A}.Release|Any CPU.Build.0 = Release|Any CPU
		{1D597A8D-39B9-4960-8AF6-81E8E7266DE7}.Debug|Any CPU.ActiveCfg = Debug|Any CPU
		{1D597A8D-39B9-4960-8AF6-81E8E7266DE7}.Debug|Any CPU.Build.0 = Debug|Any CPU
		{1D597A8D-39B9-4960-8AF6-81E8E7266DE7}.Release|Any CPU.ActiveCfg = Release|Any CPU
		{1D597A8D-39B9-4960-8AF6-81E8E7266DE7}.Release|Any CPU.Build.0 = Release|Any CPU
		{979DE150-439B-4D7D-90B8-98F2FD8A1962}.Debug|Any CPU.ActiveCfg = Debug|Any CPU
		{979DE150-439B-4D7D-90B8-98F2FD8A1962}.Debug|Any CPU.Build.0 = Debug|Any CPU
		{979DE150-439B-4D7D-90B8-98F2FD8A1962}.Release|Any CPU.ActiveCfg = Release|Any CPU
		{979DE150-439B-4D7D-90B8-98F2FD8A1962}.Release|Any CPU.Build.0 = Release|Any CPU
	EndGlobalSection
	GlobalSection(SolutionProperties) = preSolution
		HideSolutionNode = FALSE
	EndGlobalSection
	GlobalSection(NestedProjects) = preSolution
		{A1CFDA6D-56DE-4330-987B-8915B54F1D74} = {ED0F6E25-F8DA-4193-9224-E64E73C13E19}
		{BFD9802F-AF32-4DC4-8E5D-7095FD643F06} = {ED0F6E25-F8DA-4193-9224-E64E73C13E19}
		{FE37B1AF-14DC-4B0A-BCCC-2C6DBF14FCDB} = {ED0F6E25-F8DA-4193-9224-E64E73C13E19}
		{310F9454-E56F-43E6-8DAA-A7567B46CD97} = {ED0F6E25-F8DA-4193-9224-E64E73C13E19}
		{CC7545D0-15F2-4DB6-919C-178265DF3DB4} = {ED0F6E25-F8DA-4193-9224-E64E73C13E19}
		{0F8F9652-A5A7-4117-8122-9B8AF8C856BA} = {F3EB41FE-ED13-48C8-A909-D0B82EB7E2B0}
		{8CF49825-845A-475B-A4F0-2708C9B4A18A} = {F3EB41FE-ED13-48C8-A909-D0B82EB7E2B0}
		{E4950DBF-EE5D-4140-8D8E-7191EA3B2804} = {AF19B244-B2BE-4E91-84BF-CD7CEA392402}
		{FE18BD21-879E-4C23-A98A-6E623C80E355} = {0A6103D8-77F7-475B-B1E1-688F8ED4BAB5}
		{4DCD108C-3697-4125-816E-BB346D1FA096} = {96FF5389-32AE-4781-A1D1-CC24D961B185}
		{3F91ADB2-DFB1-465E-BF4D-807AB22F0186} = {96FF5389-32AE-4781-A1D1-CC24D961B185}
		{EB6B4327-B074-40CB-9D14-5DB1DC17F45B} = {96FF5389-32AE-4781-A1D1-CC24D961B185}
		{4E221F37-B0B7-4D11-8E86-3293F40D8E9C} = {96FF5389-32AE-4781-A1D1-CC24D961B185}
		{A41FF065-2DD5-45F9-B897-E1C66DD61531} = {96FF5389-32AE-4781-A1D1-CC24D961B185}
		{8F95CE30-E36D-4279-96D5-82DE8A6ABA1C} = {D4AE215D-A78D-457B-995C-EEED33CC9397}
		{E39858A8-98F4-4E7F-B733-E36A0BA1553D} = {D4AE215D-A78D-457B-995C-EEED33CC9397}
		{41C27ECC-7332-407C-8CB2-295B99A71EC9} = {D4AE215D-A78D-457B-995C-EEED33CC9397}
		{C0A803C9-3163-488A-B5C8-45E5BD6DEB7A} = {D4AE215D-A78D-457B-995C-EEED33CC9397}
		{452C877F-39C5-444A-A5B0-82E2DAC808D7} = {D4AE215D-A78D-457B-995C-EEED33CC9397}
		{DA0F8EF8-FBAA-4051-A12B-25690DBD4F5B} = {2EA89B62-AD16-4E46-853A-A9FE2153DDE6}
		{706FCA1B-CDE6-41FA-9FD1-EC9D21B19DFB} = {2EA89B62-AD16-4E46-853A-A9FE2153DDE6}
		{6A48DA55-BCBB-455C-8BDB-1C7CE1D1F357} = {2EA89B62-AD16-4E46-853A-A9FE2153DDE6}
		{71633940-81D1-4541-8AAB-5A1A16871EEA} = {2EA89B62-AD16-4E46-853A-A9FE2153DDE6}
		{C5CAC8E1-DFEA-4625-843E-5F769121FA6E} = {2EA89B62-AD16-4E46-853A-A9FE2153DDE6}
		{7FBEC216-B78F-4B77-B523-BDAA07BB3C2A} = {ED0F6E25-F8DA-4193-9224-E64E73C13E19}
		{1D597A8D-39B9-4960-8AF6-81E8E7266DE7} = {2EA89B62-AD16-4E46-853A-A9FE2153DDE6}
		{979DE150-439B-4D7D-90B8-98F2FD8A1962} = {96FF5389-32AE-4781-A1D1-CC24D961B185}
	EndGlobalSection
	GlobalSection(ExtensibilityGlobals) = postSolution
		SolutionGuid = {454BF701-7D54-44C4-A618-4F230C57C559}
	EndGlobalSection
EndGlobal
